
Microsoft Visual Studio Solution File, Format Version 12.00
# Visual Studio Version 16
VisualStudioVersion = 16.0.29905.134
MinimumVisualStudioVersion = 10.0.40219.1
Project("{FAE04EC0-301F-11D3-BF4B-00C04F79EFBC}") = "PrimeleNSum", "MotherConsole\PrimeleNSum.csproj", "{17C9F54C-7C2C-40C7-AF17-75D1EEFB6E05}"
EndProject
Project("{FAE04EC0-301F-11D3-BF4B-00C04F79EFBC}") = "MariSiPari", "MariSiPari\MariSiPari.csproj", "{A46A1F44-5ED7-4E74-BE9B-C85A819C62B5}"
EndProject
Project("{FAE04EC0-301F-11D3-BF4B-00C04F79EFBC}") = "Operatori", "Operatori\Operatori.csproj", "{EC6A0676-5E88-460F-928D-9277A7EA0ECB}"
EndProject
Project("{FAE04EC0-301F-11D3-BF4B-00C04F79EFBC}") = "ProdusN", "ProdusN\ProdusN.csproj", "{D16F6C81-DCB2-43DD-9BBF-1F700715C1DD}"
EndProject
Project("{FAE04EC0-301F-11D3-BF4B-00C04F79EFBC}") = "SumProdMA", "SumProdMA\SumProdMA.csproj", "{AD222897-072D-49C1-B9CF-4ADEEC609DF0}"
EndProject
Project("{FAE04EC0-301F-11D3-BF4B-00C04F79EFBC}") = "NrPrim", "NrPrim\NrPrim.csproj", "{D1206C67-AB3D-4650-911F-8C56972CD4E9}"
EndProject
Project("{FAE04EC0-301F-11D3-BF4B-00C04F79EFBC}") = "PrimeN", "PrimeN\PrimeN.csproj", "{92915339-8937-463C-AA1B-A6B773919F60}"
EndProject
Project("{FAE04EC0-301F-11D3-BF4B-00C04F79EFBC}") = "Divizori", "Divizori\Divizori.csproj", "{8FBC71C0-ABCE-4E71-86B8-F0F61AEB1D88}"
EndProject
Project("{FAE04EC0-301F-11D3-BF4B-00C04F79EFBC}") = "Fibo", "Fibo\Fibo.csproj", "{0F00BE8A-9A50-453E-9701-94A41D0E8566}"
EndProject
Project("{FAE04EC0-301F-11D3-BF4B-00C04F79EFBC}") = "LargerThanHundred", "LargerThanHundred\LargerThanHundred.csproj", "{E127B69C-494C-43C7-9BB0-96CC81F9F5B0}"
EndProject
Project("{FAE04EC0-301F-11D3-BF4B-00C04F79EFBC}") = "Binar", "Binar\Binar.csproj", "{58D1544E-1197-4154-824F-AC57B4F7F4BA}"
EndProject
Project("{FAE04EC0-301F-11D3-BF4B-00C04F79EFBC}") = "Abstract", "Abstract\Abstract.csproj", "{8EE34A22-F0C5-4A8F-B54B-DE760E90DB61}"
EndProject
Project("{FAE04EC0-301F-11D3-BF4B-00C04F79EFBC}") = "Weekday", "Weekday\Weekday.csproj", "{234B5D03-3767-48BE-A824-41CA6205A883}"
EndProject
Project("{FAE04EC0-301F-11D3-BF4B-00C04F79EFBC}") = "LastDay", "LastDay\LastDay.csproj", "{2709E7F5-E325-4712-BB56-8FDAC9BD0985}"
EndProject
Project("{FAE04EC0-301F-11D3-BF4B-00C04F79EFBC}") = "CompareDates", "CompareDates\CompareDates.csproj", "{662ADD6F-96B3-4A43-8633-D6C6C0078F2B}"
EndProject
Project("{FAE04EC0-301F-11D3-BF4B-00C04F79EFBC}") = "ConvertDate", "ConvertDate\ConvertDate.csproj", "{770641F9-C3A5-48A1-B502-864ADAD2E4AB}"
EndProject
Project("{FAE04EC0-301F-11D3-BF4B-00C04F79EFBC}") = "ConsVoc", "ConsVoc\ConsVoc.csproj", "{DE23EF9C-74B7-44FB-BB4C-D67E7271BBC3}"
EndProject
Project("{FAE04EC0-301F-11D3-BF4B-00C04F79EFBC}") = "Invers", "Invers\Invers.csproj", "{EE67881E-6843-4087-A1C0-20C1869CF494}"
EndProject
Project("{FAE04EC0-301F-11D3-BF4B-00C04F79EFBC}") = "Palindrom", "Palindrom\Palindrom.csproj", "{DE6D8624-C87F-43C5-83CA-DBA507558E48}"
EndProject
Project("{FAE04EC0-301F-11D3-BF4B-00C04F79EFBC}") = "FindLitera", "FindLitera\FindLitera.csproj", "{CA410939-44D1-4AB1-8E7E-38A564BC67D6}"
EndProject
Project("{FAE04EC0-301F-11D3-BF4B-00C04F79EFBC}") = "CountWords", "CountWords\CountWords.csproj", "{0891CC19-A7DB-470C-9CA1-CE3A6E7FB444}"
EndProject
Project("{FAE04EC0-301F-11D3-BF4B-00C04F79EFBC}") = "ReplaceWithUnderline", "ReplaceWithUnderline\ReplaceWithUnderline.csproj", "{85C65347-1CAE-49F2-9987-100CFB0ADFF6}"
EndProject
Project("{FAE04EC0-301F-11D3-BF4B-00C04F79EFBC}") = "ToUpper", "ToUpper\ToUpper.csproj", "{28C075FF-614F-4DCA-851B-888D3F06EA97}"
EndProject
Project("{FAE04EC0-301F-11D3-BF4B-00C04F79EFBC}") = "Meniu15", "Meniu15\Meniu15.csproj", "{C5CADC6B-684E-4323-9187-46DDD785D429}"
EndProject
Project("{FAE04EC0-301F-11D3-BF4B-00C04F79EFBC}") = "ReverseArray", "ReverseArray\ReverseArray.csproj", "{162C30CF-8C4A-4DE7-A43E-D98D1DDBA287}"
EndProject
Global
	GlobalSection(SolutionConfigurationPlatforms) = preSolution
		Debug|Any CPU = Debug|Any CPU
		Release|Any CPU = Release|Any CPU
	EndGlobalSection
	GlobalSection(ProjectConfigurationPlatforms) = postSolution
		{17C9F54C-7C2C-40C7-AF17-75D1EEFB6E05}.Debug|Any CPU.ActiveCfg = Debug|Any CPU
		{17C9F54C-7C2C-40C7-AF17-75D1EEFB6E05}.Debug|Any CPU.Build.0 = Debug|Any CPU
		{17C9F54C-7C2C-40C7-AF17-75D1EEFB6E05}.Release|Any CPU.ActiveCfg = Release|Any CPU
		{17C9F54C-7C2C-40C7-AF17-75D1EEFB6E05}.Release|Any CPU.Build.0 = Release|Any CPU
		{A46A1F44-5ED7-4E74-BE9B-C85A819C62B5}.Debug|Any CPU.ActiveCfg = Debug|Any CPU
		{A46A1F44-5ED7-4E74-BE9B-C85A819C62B5}.Debug|Any CPU.Build.0 = Debug|Any CPU
		{A46A1F44-5ED7-4E74-BE9B-C85A819C62B5}.Release|Any CPU.ActiveCfg = Release|Any CPU
		{A46A1F44-5ED7-4E74-BE9B-C85A819C62B5}.Release|Any CPU.Build.0 = Release|Any CPU
		{EC6A0676-5E88-460F-928D-9277A7EA0ECB}.Debug|Any CPU.ActiveCfg = Debug|Any CPU
		{EC6A0676-5E88-460F-928D-9277A7EA0ECB}.Debug|Any CPU.Build.0 = Debug|Any CPU
		{EC6A0676-5E88-460F-928D-9277A7EA0ECB}.Release|Any CPU.ActiveCfg = Release|Any CPU
		{EC6A0676-5E88-460F-928D-9277A7EA0ECB}.Release|Any CPU.Build.0 = Release|Any CPU
		{D16F6C81-DCB2-43DD-9BBF-1F700715C1DD}.Debug|Any CPU.ActiveCfg = Debug|Any CPU
		{D16F6C81-DCB2-43DD-9BBF-1F700715C1DD}.Debug|Any CPU.Build.0 = Debug|Any CPU
		{D16F6C81-DCB2-43DD-9BBF-1F700715C1DD}.Release|Any CPU.ActiveCfg = Release|Any CPU
		{D16F6C81-DCB2-43DD-9BBF-1F700715C1DD}.Release|Any CPU.Build.0 = Release|Any CPU
		{AD222897-072D-49C1-B9CF-4ADEEC609DF0}.Debug|Any CPU.ActiveCfg = Debug|Any CPU
		{AD222897-072D-49C1-B9CF-4ADEEC609DF0}.Debug|Any CPU.Build.0 = Debug|Any CPU
		{AD222897-072D-49C1-B9CF-4ADEEC609DF0}.Release|Any CPU.ActiveCfg = Release|Any CPU
		{AD222897-072D-49C1-B9CF-4ADEEC609DF0}.Release|Any CPU.Build.0 = Release|Any CPU
		{D1206C67-AB3D-4650-911F-8C56972CD4E9}.Debug|Any CPU.ActiveCfg = Debug|Any CPU
		{D1206C67-AB3D-4650-911F-8C56972CD4E9}.Debug|Any CPU.Build.0 = Debug|Any CPU
		{D1206C67-AB3D-4650-911F-8C56972CD4E9}.Release|Any CPU.ActiveCfg = Release|Any CPU
		{D1206C67-AB3D-4650-911F-8C56972CD4E9}.Release|Any CPU.Build.0 = Release|Any CPU
		{92915339-8937-463C-AA1B-A6B773919F60}.Debug|Any CPU.ActiveCfg = Debug|Any CPU
		{92915339-8937-463C-AA1B-A6B773919F60}.Debug|Any CPU.Build.0 = Debug|Any CPU
		{92915339-8937-463C-AA1B-A6B773919F60}.Release|Any CPU.ActiveCfg = Release|Any CPU
		{92915339-8937-463C-AA1B-A6B773919F60}.Release|Any CPU.Build.0 = Release|Any CPU
		{8FBC71C0-ABCE-4E71-86B8-F0F61AEB1D88}.Debug|Any CPU.ActiveCfg = Debug|Any CPU
		{8FBC71C0-ABCE-4E71-86B8-F0F61AEB1D88}.Debug|Any CPU.Build.0 = Debug|Any CPU
		{8FBC71C0-ABCE-4E71-86B8-F0F61AEB1D88}.Release|Any CPU.ActiveCfg = Release|Any CPU
		{8FBC71C0-ABCE-4E71-86B8-F0F61AEB1D88}.Release|Any CPU.Build.0 = Release|Any CPU
		{0F00BE8A-9A50-453E-9701-94A41D0E8566}.Debug|Any CPU.ActiveCfg = Debug|Any CPU
		{0F00BE8A-9A50-453E-9701-94A41D0E8566}.Debug|Any CPU.Build.0 = Debug|Any CPU
		{0F00BE8A-9A50-453E-9701-94A41D0E8566}.Release|Any CPU.ActiveCfg = Release|Any CPU
		{0F00BE8A-9A50-453E-9701-94A41D0E8566}.Release|Any CPU.Build.0 = Release|Any CPU
		{E127B69C-494C-43C7-9BB0-96CC81F9F5B0}.Debug|Any CPU.ActiveCfg = Debug|Any CPU
		{E127B69C-494C-43C7-9BB0-96CC81F9F5B0}.Debug|Any CPU.Build.0 = Debug|Any CPU
		{E127B69C-494C-43C7-9BB0-96CC81F9F5B0}.Release|Any CPU.ActiveCfg = Release|Any CPU
		{E127B69C-494C-43C7-9BB0-96CC81F9F5B0}.Release|Any CPU.Build.0 = Release|Any CPU
		{58D1544E-1197-4154-824F-AC57B4F7F4BA}.Debug|Any CPU.ActiveCfg = Debug|Any CPU
		{58D1544E-1197-4154-824F-AC57B4F7F4BA}.Debug|Any CPU.Build.0 = Debug|Any CPU
		{58D1544E-1197-4154-824F-AC57B4F7F4BA}.Release|Any CPU.ActiveCfg = Release|Any CPU
		{58D1544E-1197-4154-824F-AC57B4F7F4BA}.Release|Any CPU.Build.0 = Release|Any CPU
		{8EE34A22-F0C5-4A8F-B54B-DE760E90DB61}.Debug|Any CPU.ActiveCfg = Debug|Any CPU
		{8EE34A22-F0C5-4A8F-B54B-DE760E90DB61}.Debug|Any CPU.Build.0 = Debug|Any CPU
		{8EE34A22-F0C5-4A8F-B54B-DE760E90DB61}.Release|Any CPU.ActiveCfg = Release|Any CPU
		{8EE34A22-F0C5-4A8F-B54B-DE760E90DB61}.Release|Any CPU.Build.0 = Release|Any CPU
		{234B5D03-3767-48BE-A824-41CA6205A883}.Debug|Any CPU.ActiveCfg = Debug|Any CPU
		{234B5D03-3767-48BE-A824-41CA6205A883}.Debug|Any CPU.Build.0 = Debug|Any CPU
		{234B5D03-3767-48BE-A824-41CA6205A883}.Release|Any CPU.ActiveCfg = Release|Any CPU
		{234B5D03-3767-48BE-A824-41CA6205A883}.Release|Any CPU.Build.0 = Release|Any CPU
		{2709E7F5-E325-4712-BB56-8FDAC9BD0985}.Debug|Any CPU.ActiveCfg = Debug|Any CPU
		{2709E7F5-E325-4712-BB56-8FDAC9BD0985}.Debug|Any CPU.Build.0 = Debug|Any CPU
		{2709E7F5-E325-4712-BB56-8FDAC9BD0985}.Release|Any CPU.ActiveCfg = Release|Any CPU
		{2709E7F5-E325-4712-BB56-8FDAC9BD0985}.Release|Any CPU.Build.0 = Release|Any CPU
		{662ADD6F-96B3-4A43-8633-D6C6C0078F2B}.Debug|Any CPU.ActiveCfg = Debug|Any CPU
		{662ADD6F-96B3-4A43-8633-D6C6C0078F2B}.Debug|Any CPU.Build.0 = Debug|Any CPU
		{662ADD6F-96B3-4A43-8633-D6C6C0078F2B}.Release|Any CPU.ActiveCfg = Release|Any CPU
		{662ADD6F-96B3-4A43-8633-D6C6C0078F2B}.Release|Any CPU.Build.0 = Release|Any CPU
		{770641F9-C3A5-48A1-B502-864ADAD2E4AB}.Debug|Any CPU.ActiveCfg = Debug|Any CPU
		{770641F9-C3A5-48A1-B502-864ADAD2E4AB}.Debug|Any CPU.Build.0 = Debug|Any CPU
		{770641F9-C3A5-48A1-B502-864ADAD2E4AB}.Release|Any CPU.ActiveCfg = Release|Any CPU
		{770641F9-C3A5-48A1-B502-864ADAD2E4AB}.Release|Any CPU.Build.0 = Release|Any CPU
		{DE23EF9C-74B7-44FB-BB4C-D67E7271BBC3}.Debug|Any CPU.ActiveCfg = Debug|Any CPU
		{DE23EF9C-74B7-44FB-BB4C-D67E7271BBC3}.Debug|Any CPU.Build.0 = Debug|Any CPU
		{DE23EF9C-74B7-44FB-BB4C-D67E7271BBC3}.Release|Any CPU.ActiveCfg = Release|Any CPU
		{DE23EF9C-74B7-44FB-BB4C-D67E7271BBC3}.Release|Any CPU.Build.0 = Release|Any CPU
		{EE67881E-6843-4087-A1C0-20C1869CF494}.Debug|Any CPU.ActiveCfg = Debug|Any CPU
		{EE67881E-6843-4087-A1C0-20C1869CF494}.Debug|Any CPU.Build.0 = Debug|Any CPU
		{EE67881E-6843-4087-A1C0-20C1869CF494}.Release|Any CPU.ActiveCfg = Release|Any CPU
		{EE67881E-6843-4087-A1C0-20C1869CF494}.Release|Any CPU.Build.0 = Release|Any CPU
		{DE6D8624-C87F-43C5-83CA-DBA507558E48}.Debug|Any CPU.ActiveCfg = Debug|Any CPU
		{DE6D8624-C87F-43C5-83CA-DBA507558E48}.Debug|Any CPU.Build.0 = Debug|Any CPU
		{DE6D8624-C87F-43C5-83CA-DBA507558E48}.Release|Any CPU.ActiveCfg = Release|Any CPU
		{DE6D8624-C87F-43C5-83CA-DBA507558E48}.Release|Any CPU.Build.0 = Release|Any CPU
		{CA410939-44D1-4AB1-8E7E-38A564BC67D6}.Debug|Any CPU.ActiveCfg = Debug|Any CPU
		{CA410939-44D1-4AB1-8E7E-38A564BC67D6}.Debug|Any CPU.Build.0 = Debug|Any CPU
		{CA410939-44D1-4AB1-8E7E-38A564BC67D6}.Release|Any CPU.ActiveCfg = Release|Any CPU
		{CA410939-44D1-4AB1-8E7E-38A564BC67D6}.Release|Any CPU.Build.0 = Release|Any CPU
		{0891CC19-A7DB-470C-9CA1-CE3A6E7FB444}.Debug|Any CPU.ActiveCfg = Debug|Any CPU
		{0891CC19-A7DB-470C-9CA1-CE3A6E7FB444}.Debug|Any CPU.Build.0 = Debug|Any CPU
		{0891CC19-A7DB-470C-9CA1-CE3A6E7FB444}.Release|Any CPU.ActiveCfg = Release|Any CPU
		{0891CC19-A7DB-470C-9CA1-CE3A6E7FB444}.Release|Any CPU.Build.0 = Release|Any CPU
		{85C65347-1CAE-49F2-9987-100CFB0ADFF6}.Debug|Any CPU.ActiveCfg = Debug|Any CPU
		{85C65347-1CAE-49F2-9987-100CFB0ADFF6}.Debug|Any CPU.Build.0 = Debug|Any CPU
		{85C65347-1CAE-49F2-9987-100CFB0ADFF6}.Release|Any CPU.ActiveCfg = Release|Any CPU
		{85C65347-1CAE-49F2-9987-100CFB0ADFF6}.Release|Any CPU.Build.0 = Release|Any CPU
		{28C075FF-614F-4DCA-851B-888D3F06EA97}.Debug|Any CPU.ActiveCfg = Debug|Any CPU
		{28C075FF-614F-4DCA-851B-888D3F06EA97}.Debug|Any CPU.Build.0 = Debug|Any CPU
		{28C075FF-614F-4DCA-851B-888D3F06EA97}.Release|Any CPU.ActiveCfg = Release|Any CPU
		{28C075FF-614F-4DCA-851B-888D3F06EA97}.Release|Any CPU.Build.0 = Release|Any CPU
		{C5CADC6B-684E-4323-9187-46DDD785D429}.Debug|Any CPU.ActiveCfg = Debug|Any CPU
		{C5CADC6B-684E-4323-9187-46DDD785D429}.Debug|Any CPU.Build.0 = Debug|Any CPU
		{C5CADC6B-684E-4323-9187-46DDD785D429}.Release|Any CPU.ActiveCfg = Release|Any CPU
		{C5CADC6B-684E-4323-9187-46DDD785D429}.Release|Any CPU.Build.0 = Release|Any CPU
		{162C30CF-8C4A-4DE7-A43E-D98D1DDBA287}.Debug|Any CPU.ActiveCfg = Debug|Any CPU
		{162C30CF-8C4A-4DE7-A43E-D98D1DDBA287}.Debug|Any CPU.Build.0 = Debug|Any CPU
		{162C30CF-8C4A-4DE7-A43E-D98D1DDBA287}.Release|Any CPU.ActiveCfg = Release|Any CPU
		{162C30CF-8C4A-4DE7-A43E-D98D1DDBA287}.Release|Any CPU.Build.0 = Release|Any CPU
	EndGlobalSection
	GlobalSection(SolutionProperties) = preSolution
		HideSolutionNode = FALSE
	EndGlobalSection
	GlobalSection(ExtensibilityGlobals) = postSolution
		SolutionGuid = {BFF817B8-A08C-440B-9722-CB3AF38AE982}
	EndGlobalSection
EndGlobal
