
Microsoft Visual Studio Solution File, Format Version 12.00
# Visual Studio Version 16
VisualStudioVersion = 16.0.29905.134
MinimumVisualStudioVersion = 10.0.40219.1
Project("{FAE04EC0-301F-11D3-BF4B-00C04F79EFBC}") = "PrimeleNSum", "MotherConsole\PrimeleNSum.csproj", "{17C9F54C-7C2C-40C7-AF17-75D1EEFB6E05}"
EndProject
Project("{FAE04EC0-301F-11D3-BF4B-00C04F79EFBC}") = "MariSiPari", "MariSiPari\MariSiPari.csproj", "{A46A1F44-5ED7-4E74-BE9B-C85A819C62B5}"
EndProject
Project("{FAE04EC0-301F-11D3-BF4B-00C04F79EFBC}") = "Operatori", "Operatori\Operatori.csproj", "{EC6A0676-5E88-460F-928D-9277A7EA0ECB}"
EndProject
Project("{FAE04EC0-301F-11D3-BF4B-00C04F79EFBC}") = "ProdusN", "ProdusN\ProdusN.csproj", "{D16F6C81-DCB2-43DD-9BBF-1F700715C1DD}"
EndProject
Project("{FAE04EC0-301F-11D3-BF4B-00C04F79EFBC}") = "SumProdMA", "SumProdMA\SumProdMA.csproj", "{AD222897-072D-49C1-B9CF-4ADEEC609DF0}"
EndProject
Project("{FAE04EC0-301F-11D3-BF4B-00C04F79EFBC}") = "NrPrim", "NrPrim\NrPrim.csproj", "{D1206C67-AB3D-4650-911F-8C56972CD4E9}"
EndProject
Global
	GlobalSection(SolutionConfigurationPlatforms) = preSolution
		Debug|Any CPU = Debug|Any CPU
		Release|Any CPU = Release|Any CPU
	EndGlobalSection
	GlobalSection(ProjectConfigurationPlatforms) = postSolution
		{17C9F54C-7C2C-40C7-AF17-75D1EEFB6E05}.Debug|Any CPU.ActiveCfg = Debug|Any CPU
		{17C9F54C-7C2C-40C7-AF17-75D1EEFB6E05}.Debug|Any CPU.Build.0 = Debug|Any CPU
		{17C9F54C-7C2C-40C7-AF17-75D1EEFB6E05}.Release|Any CPU.ActiveCfg = Release|Any CPU
		{17C9F54C-7C2C-40C7-AF17-75D1EEFB6E05}.Release|Any CPU.Build.0 = Release|Any CPU
		{A46A1F44-5ED7-4E74-BE9B-C85A819C62B5}.Debug|Any CPU.ActiveCfg = Debug|Any CPU
		{A46A1F44-5ED7-4E74-BE9B-C85A819C62B5}.Debug|Any CPU.Build.0 = Debug|Any CPU
		{A46A1F44-5ED7-4E74-BE9B-C85A819C62B5}.Release|Any CPU.ActiveCfg = Release|Any CPU
		{A46A1F44-5ED7-4E74-BE9B-C85A819C62B5}.Release|Any CPU.Build.0 = Release|Any CPU
		{EC6A0676-5E88-460F-928D-9277A7EA0ECB}.Debug|Any CPU.ActiveCfg = Debug|Any CPU
		{EC6A0676-5E88-460F-928D-9277A7EA0ECB}.Debug|Any CPU.Build.0 = Debug|Any CPU
		{EC6A0676-5E88-460F-928D-9277A7EA0ECB}.Release|Any CPU.ActiveCfg = Release|Any CPU
		{EC6A0676-5E88-460F-928D-9277A7EA0ECB}.Release|Any CPU.Build.0 = Release|Any CPU
		{D16F6C81-DCB2-43DD-9BBF-1F700715C1DD}.Debug|Any CPU.ActiveCfg = Debug|Any CPU
		{D16F6C81-DCB2-43DD-9BBF-1F700715C1DD}.Debug|Any CPU.Build.0 = Debug|Any CPU
		{D16F6C81-DCB2-43DD-9BBF-1F700715C1DD}.Release|Any CPU.ActiveCfg = Release|Any CPU
		{D16F6C81-DCB2-43DD-9BBF-1F700715C1DD}.Release|Any CPU.Build.0 = Release|Any CPU
		{AD222897-072D-49C1-B9CF-4ADEEC609DF0}.Debug|Any CPU.ActiveCfg = Debug|Any CPU
		{AD222897-072D-49C1-B9CF-4ADEEC609DF0}.Debug|Any CPU.Build.0 = Debug|Any CPU
		{AD222897-072D-49C1-B9CF-4ADEEC609DF0}.Release|Any CPU.ActiveCfg = Release|Any CPU
		{AD222897-072D-49C1-B9CF-4ADEEC609DF0}.Release|Any CPU.Build.0 = Release|Any CPU
		{D1206C67-AB3D-4650-911F-8C56972CD4E9}.Debug|Any CPU.ActiveCfg = Debug|Any CPU
		{D1206C67-AB3D-4650-911F-8C56972CD4E9}.Debug|Any CPU.Build.0 = Debug|Any CPU
		{D1206C67-AB3D-4650-911F-8C56972CD4E9}.Release|Any CPU.ActiveCfg = Release|Any CPU
		{D1206C67-AB3D-4650-911F-8C56972CD4E9}.Release|Any CPU.Build.0 = Release|Any CPU
	EndGlobalSection
	GlobalSection(SolutionProperties) = preSolution
		HideSolutionNode = FALSE
	EndGlobalSection
	GlobalSection(ExtensibilityGlobals) = postSolution
		SolutionGuid = {BFF817B8-A08C-440B-9722-CB3AF38AE982}
	EndGlobalSection
EndGlobal
